// !$*UTF8*$!
{
	archiveVersion = 1;
	classes = {
	};
	objectVersion = 55;
	objects = {

/* Begin PBXBuildFile section */
		3284FFD2275B033A0039F3EB /* ApolloSQLite in Frameworks */ = {isa = PBXBuildFile; productRef = 3284FFD1275B033A0039F3EB /* ApolloSQLite */; };
		3284FFDB275B0CF40039F3EB /* Movies.graphql.swift in Sources */ = {isa = PBXBuildFile; fileRef = 3284FFD9275B0CF40039F3EB /* Movies.graphql.swift */; };
		3289E021275AF6F90058C710 /* MovieChallengeApp.swift in Sources */ = {isa = PBXBuildFile; fileRef = 3289E020275AF6F90058C710 /* MovieChallengeApp.swift */; };
		3289E025275AF6FB0058C710 /* Assets.xcassets in Resources */ = {isa = PBXBuildFile; fileRef = 3289E024275AF6FB0058C710 /* Assets.xcassets */; };
		32DF5F31275AFB0E0016B534 /* Movies.graphql in Resources */ = {isa = PBXBuildFile; fileRef = 32DF5F30275AFB0E0016B534 /* Movies.graphql */; };
		32DF5F33275AFB1B0016B534 /* Network.swift in Sources */ = {isa = PBXBuildFile; fileRef = 32DF5F32275AFB1B0016B534 /* Network.swift */; };
		CA5233FE292E77AA0006E2EE /* Preview Assets.xcassets in Resources */ = {isa = PBXBuildFile; fileRef = CA5233FD292E77AA0006E2EE /* Preview Assets.xcassets */; };
		CA523401292E8E220006E2EE /* Apollo in Frameworks */ = {isa = PBXBuildFile; productRef = CA523400292E8E220006E2EE /* Apollo */; };
		CA959064292ECA3000CFE391 /* Genres.graphql in Resources */ = {isa = PBXBuildFile; fileRef = CA959063292ECA3000CFE391 /* Genres.graphql */; };
		CA959066292ECA7D00CFE391 /* Genres.graphql.swift in Sources */ = {isa = PBXBuildFile; fileRef = CA959065292ECA7D00CFE391 /* Genres.graphql.swift */; };
		CA959069292EDE0800CFE391 /* Factory in Frameworks */ = {isa = PBXBuildFile; productRef = CA959068292EDE0800CFE391 /* Factory */; };
		CA95906C292EDE7500CFE391 /* Container+Extensions.swift in Sources */ = {isa = PBXBuildFile; fileRef = CA95906B292EDE7500CFE391 /* Container+Extensions.swift */; };
		CA959073292EE3F300CFE391 /* Movie.swift in Sources */ = {isa = PBXBuildFile; fileRef = CA959072292EE3F300CFE391 /* Movie.swift */; };
		CA959075292EE7E500CFE391 /* TopMovie.swift in Sources */ = {isa = PBXBuildFile; fileRef = CA959074292EE7E500CFE391 /* TopMovie.swift */; };
		CA9590772931336400CFE391 /* DataAccessProvider.swift in Sources */ = {isa = PBXBuildFile; fileRef = CA9590762931336400CFE391 /* DataAccessProvider.swift */; };
		CA95907D29313DF500CFE391 /* DefaultDataAccessProvider.swift in Sources */ = {isa = PBXBuildFile; fileRef = CA95907C29313DF500CFE391 /* DefaultDataAccessProvider.swift */; };
		CA95907F2931443A00CFE391 /* QueryDataRepresentable.swift in Sources */ = {isa = PBXBuildFile; fileRef = CA95907E2931443A00CFE391 /* QueryDataRepresentable.swift */; };
		CA959081293144C500CFE391 /* MoviesResponse.swift in Sources */ = {isa = PBXBuildFile; fileRef = CA959080293144C500CFE391 /* MoviesResponse.swift */; };
		CA9590832931686E00CFE391 /* DataRepresentableError.swift in Sources */ = {isa = PBXBuildFile; fileRef = CA9590822931686E00CFE391 /* DataRepresentableError.swift */; };
		CA95908529316DEF00CFE391 /* TopMovieResponse.swift in Sources */ = {isa = PBXBuildFile; fileRef = CA95908429316DEF00CFE391 /* TopMovieResponse.swift */; };
		CA9590882931796F00CFE391 /* HorizontalMoviesCollection.swift in Sources */ = {isa = PBXBuildFile; fileRef = CA9590872931796F00CFE391 /* HorizontalMoviesCollection.swift */; };
		CA95908B29317AF100CFE391 /* MoviesContainerView.swift in Sources */ = {isa = PBXBuildFile; fileRef = CA95908A29317AF100CFE391 /* MoviesContainerView.swift */; };
		CA95908D29317C0C00CFE391 /* MovieCard.swift in Sources */ = {isa = PBXBuildFile; fileRef = CA95908C29317C0C00CFE391 /* MovieCard.swift */; };
		CA95908F293187D500CFE391 /* PreviewMoviesResponse.swift in Sources */ = {isa = PBXBuildFile; fileRef = CA95908E293187D500CFE391 /* PreviewMoviesResponse.swift */; };
		CA95909229318E7C00CFE391 /* TopMoviesCollection.swift in Sources */ = {isa = PBXBuildFile; fileRef = CA95909129318E7C00CFE391 /* TopMoviesCollection.swift */; };
		CA95909429318EB700CFE391 /* PreviewTopMoviesResponse.swift in Sources */ = {isa = PBXBuildFile; fileRef = CA95909329318EB700CFE391 /* PreviewTopMoviesResponse.swift */; };
		CA95909629319C4D00CFE391 /* TopMovieCard.swift in Sources */ = {isa = PBXBuildFile; fileRef = CA95909529319C4D00CFE391 /* TopMovieCard.swift */; };
		CA95909D2932C4E200CFE391 /* TypeStyle.swift in Sources */ = {isa = PBXBuildFile; fileRef = CA9590992932C4E200CFE391 /* TypeStyle.swift */; };
		CA95909E2932C4E200CFE391 /* StyledTexts.swift in Sources */ = {isa = PBXBuildFile; fileRef = CA95909A2932C4E200CFE391 /* StyledTexts.swift */; };
		CA95909F2932C4E200CFE391 /* StyledText.swift in Sources */ = {isa = PBXBuildFile; fileRef = CA95909B2932C4E200CFE391 /* StyledText.swift */; };
		CA9590A02932C4E200CFE391 /* TypeStyles.swift in Sources */ = {isa = PBXBuildFile; fileRef = CA95909C2932C4E200CFE391 /* TypeStyles.swift */; };
		CA9590A32933B48A00CFE391 /* GenresCollection.swift in Sources */ = {isa = PBXBuildFile; fileRef = CA9590A22933B48A00CFE391 /* GenresCollection.swift */; };
		CA9590A62933B7D600CFE391 /* GenereCard.swift in Sources */ = {isa = PBXBuildFile; fileRef = CA9590A52933B7D600CFE391 /* GenereCard.swift */; };
		CA9590AD2933BF4900CFE391 /* ScaleEffectButonStyle.swift in Sources */ = {isa = PBXBuildFile; fileRef = CA9590AC2933BF4900CFE391 /* ScaleEffectButonStyle.swift */; };
		CA9590AF2933C3E100CFE391 /* MoviesContainerViewModel.swift in Sources */ = {isa = PBXBuildFile; fileRef = CA9590AE2933C3E100CFE391 /* MoviesContainerViewModel.swift */; };
		CA9590B12933C67400CFE391 /* MoviesContainerData.swift in Sources */ = {isa = PBXBuildFile; fileRef = CA9590B02933C67400CFE391 /* MoviesContainerData.swift */; };
		CA9590B32933C6BC00CFE391 /* GenresResponse.swift in Sources */ = {isa = PBXBuildFile; fileRef = CA9590B22933C6BC00CFE391 /* GenresResponse.swift */; };
		CA9590B52933D9E900CFE391 /* PreviewGenresResponse.swift in Sources */ = {isa = PBXBuildFile; fileRef = CA9590B42933D9E900CFE391 /* PreviewGenresResponse.swift */; };
		CA9590B72933DDC200CFE391 /* PreviewDataAccessProvider.swift in Sources */ = {isa = PBXBuildFile; fileRef = CA9590B62933DDC200CFE391 /* PreviewDataAccessProvider.swift */; };
		CA9590B92933E5F500CFE391 /* VerticalMoviesCollection.swift in Sources */ = {isa = PBXBuildFile; fileRef = CA9590B82933E5F500CFE391 /* VerticalMoviesCollection.swift */; };
		CA9590BB2933E75B00CFE391 /* TopMovieCell.swift in Sources */ = {isa = PBXBuildFile; fileRef = CA9590BA2933E75B00CFE391 /* TopMovieCell.swift */; };
		CA9590BD2933E82C00CFE391 /* MovieCell.swift in Sources */ = {isa = PBXBuildFile; fileRef = CA9590BC2933E82C00CFE391 /* MovieCell.swift */; };
		CA9590BF293414F400CFE391 /* Types.graphql.swift in Sources */ = {isa = PBXBuildFile; fileRef = CA9590BE293414F400CFE391 /* Types.graphql.swift */; };
		CA9590C129341EBE00CFE391 /* PreviewMovie.swift in Sources */ = {isa = PBXBuildFile; fileRef = CA9590C029341EBE00CFE391 /* PreviewMovie.swift */; };
		CA9590C32934430200CFE391 /* VerticalMoviesCollectionViewModel.swift in Sources */ = {isa = PBXBuildFile; fileRef = CA9590C22934430200CFE391 /* VerticalMoviesCollectionViewModel.swift */; };
		CA9590C52934442700CFE391 /* MoviesOrder.swift in Sources */ = {isa = PBXBuildFile; fileRef = CA9590C42934442700CFE391 /* MoviesOrder.swift */; };
		CA9590C72934650900CFE391 /* BrowseCategory.swift in Sources */ = {isa = PBXBuildFile; fileRef = CA9590C62934650900CFE391 /* BrowseCategory.swift */; };
		CA9590C9293472CD00CFE391 /* BrowseCategories.swift in Sources */ = {isa = PBXBuildFile; fileRef = CA9590C8293472CD00CFE391 /* BrowseCategories.swift */; };
		CA9590CB293475A600CFE391 /* PreviewBrowseCategories.swift in Sources */ = {isa = PBXBuildFile; fileRef = CA9590CA293475A600CFE391 /* PreviewBrowseCategories.swift */; };
		CA9590CE2935001900CFE391 /* MenuView.swift in Sources */ = {isa = PBXBuildFile; fileRef = CA9590CD2935001900CFE391 /* MenuView.swift */; };
		CA9590D0293502E000CFE391 /* MenuDelegate.swift in Sources */ = {isa = PBXBuildFile; fileRef = CA9590CF293502E000CFE391 /* MenuDelegate.swift */; };
		CA9590D2293504EC00CFE391 /* PresentMenuModifier.swift in Sources */ = {isa = PBXBuildFile; fileRef = CA9590D1293504EC00CFE391 /* PresentMenuModifier.swift */; };
		CA9590D529350EE000CFE391 /* MovieDetailView.swift in Sources */ = {isa = PBXBuildFile; fileRef = CA9590D429350EE000CFE391 /* MovieDetailView.swift */; };
		CA9590D72935304A00CFE391 /* CastView.swift in Sources */ = {isa = PBXBuildFile; fileRef = CA9590D62935304A00CFE391 /* CastView.swift */; };
		CA9590D9293531DB00CFE391 /* AvatarView.swift in Sources */ = {isa = PBXBuildFile; fileRef = CA9590D8293531DB00CFE391 /* AvatarView.swift */; };
		CA9590DC2935441300CFE391 /* Color+Extensions.swift in Sources */ = {isa = PBXBuildFile; fileRef = CA9590DB2935441300CFE391 /* Color+Extensions.swift */; };
/* End PBXBuildFile section */

/* Begin PBXFileReference section */
		3284FFD9275B0CF40039F3EB /* Movies.graphql.swift */ = {isa = PBXFileReference; fileEncoding = 4; lastKnownFileType = sourcecode.swift; path = Movies.graphql.swift; sourceTree = "<group>"; };
		3289E01D275AF6F90058C710 /* Movie Challenge.app */ = {isa = PBXFileReference; explicitFileType = wrapper.application; includeInIndex = 0; path = "Movie Challenge.app"; sourceTree = BUILT_PRODUCTS_DIR; };
		3289E020275AF6F90058C710 /* MovieChallengeApp.swift */ = {isa = PBXFileReference; lastKnownFileType = sourcecode.swift; path = MovieChallengeApp.swift; sourceTree = "<group>"; };
		3289E024275AF6FB0058C710 /* Assets.xcassets */ = {isa = PBXFileReference; lastKnownFileType = folder.assetcatalog; path = Assets.xcassets; sourceTree = "<group>"; };
		32DF5F30275AFB0E0016B534 /* Movies.graphql */ = {isa = PBXFileReference; lastKnownFileType = text; path = Movies.graphql; sourceTree = "<group>"; };
		32DF5F32275AFB1B0016B534 /* Network.swift */ = {isa = PBXFileReference; lastKnownFileType = sourcecode.swift; path = Network.swift; sourceTree = "<group>"; };
		CA5233FD292E77AA0006E2EE /* Preview Assets.xcassets */ = {isa = PBXFileReference; lastKnownFileType = folder.assetcatalog; path = "Preview Assets.xcassets"; sourceTree = "<group>"; };
		CA959063292ECA3000CFE391 /* Genres.graphql */ = {isa = PBXFileReference; lastKnownFileType = text; path = Genres.graphql; sourceTree = "<group>"; };
		CA959065292ECA7D00CFE391 /* Genres.graphql.swift */ = {isa = PBXFileReference; fileEncoding = 4; lastKnownFileType = sourcecode.swift; path = Genres.graphql.swift; sourceTree = "<group>"; };
		CA95906B292EDE7500CFE391 /* Container+Extensions.swift */ = {isa = PBXFileReference; lastKnownFileType = sourcecode.swift; path = "Container+Extensions.swift"; sourceTree = "<group>"; };
		CA959072292EE3F300CFE391 /* Movie.swift */ = {isa = PBXFileReference; lastKnownFileType = sourcecode.swift; path = Movie.swift; sourceTree = "<group>"; };
		CA959074292EE7E500CFE391 /* TopMovie.swift */ = {isa = PBXFileReference; lastKnownFileType = sourcecode.swift; path = TopMovie.swift; sourceTree = "<group>"; };
		CA9590762931336400CFE391 /* DataAccessProvider.swift */ = {isa = PBXFileReference; lastKnownFileType = sourcecode.swift; path = DataAccessProvider.swift; sourceTree = "<group>"; };
		CA95907C29313DF500CFE391 /* DefaultDataAccessProvider.swift */ = {isa = PBXFileReference; lastKnownFileType = sourcecode.swift; path = DefaultDataAccessProvider.swift; sourceTree = "<group>"; };
		CA95907E2931443A00CFE391 /* QueryDataRepresentable.swift */ = {isa = PBXFileReference; lastKnownFileType = sourcecode.swift; path = QueryDataRepresentable.swift; sourceTree = "<group>"; };
		CA959080293144C500CFE391 /* MoviesResponse.swift */ = {isa = PBXFileReference; lastKnownFileType = sourcecode.swift; path = MoviesResponse.swift; sourceTree = "<group>"; };
		CA9590822931686E00CFE391 /* DataRepresentableError.swift */ = {isa = PBXFileReference; lastKnownFileType = sourcecode.swift; path = DataRepresentableError.swift; sourceTree = "<group>"; };
		CA95908429316DEF00CFE391 /* TopMovieResponse.swift */ = {isa = PBXFileReference; lastKnownFileType = sourcecode.swift; path = TopMovieResponse.swift; sourceTree = "<group>"; };
		CA9590872931796F00CFE391 /* HorizontalMoviesCollection.swift */ = {isa = PBXFileReference; lastKnownFileType = sourcecode.swift; path = HorizontalMoviesCollection.swift; sourceTree = "<group>"; };
		CA95908A29317AF100CFE391 /* MoviesContainerView.swift */ = {isa = PBXFileReference; lastKnownFileType = sourcecode.swift; path = MoviesContainerView.swift; sourceTree = "<group>"; };
		CA95908C29317C0C00CFE391 /* MovieCard.swift */ = {isa = PBXFileReference; lastKnownFileType = sourcecode.swift; path = MovieCard.swift; sourceTree = "<group>"; };
		CA95908E293187D500CFE391 /* PreviewMoviesResponse.swift */ = {isa = PBXFileReference; lastKnownFileType = sourcecode.swift; path = PreviewMoviesResponse.swift; sourceTree = "<group>"; };
		CA95909129318E7C00CFE391 /* TopMoviesCollection.swift */ = {isa = PBXFileReference; lastKnownFileType = sourcecode.swift; path = TopMoviesCollection.swift; sourceTree = "<group>"; };
		CA95909329318EB700CFE391 /* PreviewTopMoviesResponse.swift */ = {isa = PBXFileReference; lastKnownFileType = sourcecode.swift; path = PreviewTopMoviesResponse.swift; sourceTree = "<group>"; };
		CA95909529319C4D00CFE391 /* TopMovieCard.swift */ = {isa = PBXFileReference; lastKnownFileType = sourcecode.swift; path = TopMovieCard.swift; sourceTree = "<group>"; };
		CA9590992932C4E200CFE391 /* TypeStyle.swift */ = {isa = PBXFileReference; fileEncoding = 4; lastKnownFileType = sourcecode.swift; path = TypeStyle.swift; sourceTree = "<group>"; };
		CA95909A2932C4E200CFE391 /* StyledTexts.swift */ = {isa = PBXFileReference; fileEncoding = 4; lastKnownFileType = sourcecode.swift; path = StyledTexts.swift; sourceTree = "<group>"; };
		CA95909B2932C4E200CFE391 /* StyledText.swift */ = {isa = PBXFileReference; fileEncoding = 4; lastKnownFileType = sourcecode.swift; path = StyledText.swift; sourceTree = "<group>"; };
		CA95909C2932C4E200CFE391 /* TypeStyles.swift */ = {isa = PBXFileReference; fileEncoding = 4; lastKnownFileType = sourcecode.swift; path = TypeStyles.swift; sourceTree = "<group>"; };
		CA9590A22933B48A00CFE391 /* GenresCollection.swift */ = {isa = PBXFileReference; lastKnownFileType = sourcecode.swift; path = GenresCollection.swift; sourceTree = "<group>"; };
		CA9590A52933B7D600CFE391 /* GenereCard.swift */ = {isa = PBXFileReference; lastKnownFileType = sourcecode.swift; path = GenereCard.swift; sourceTree = "<group>"; };
		CA9590AC2933BF4900CFE391 /* ScaleEffectButonStyle.swift */ = {isa = PBXFileReference; lastKnownFileType = sourcecode.swift; path = ScaleEffectButonStyle.swift; sourceTree = "<group>"; };
		CA9590AE2933C3E100CFE391 /* MoviesContainerViewModel.swift */ = {isa = PBXFileReference; lastKnownFileType = sourcecode.swift; path = MoviesContainerViewModel.swift; sourceTree = "<group>"; };
		CA9590B02933C67400CFE391 /* MoviesContainerData.swift */ = {isa = PBXFileReference; lastKnownFileType = sourcecode.swift; path = MoviesContainerData.swift; sourceTree = "<group>"; };
		CA9590B22933C6BC00CFE391 /* GenresResponse.swift */ = {isa = PBXFileReference; lastKnownFileType = sourcecode.swift; path = GenresResponse.swift; sourceTree = "<group>"; };
		CA9590B42933D9E900CFE391 /* PreviewGenresResponse.swift */ = {isa = PBXFileReference; lastKnownFileType = sourcecode.swift; path = PreviewGenresResponse.swift; sourceTree = "<group>"; };
		CA9590B62933DDC200CFE391 /* PreviewDataAccessProvider.swift */ = {isa = PBXFileReference; lastKnownFileType = sourcecode.swift; path = PreviewDataAccessProvider.swift; sourceTree = "<group>"; };
		CA9590B82933E5F500CFE391 /* VerticalMoviesCollection.swift */ = {isa = PBXFileReference; lastKnownFileType = sourcecode.swift; path = VerticalMoviesCollection.swift; sourceTree = "<group>"; };
		CA9590BA2933E75B00CFE391 /* TopMovieCell.swift */ = {isa = PBXFileReference; lastKnownFileType = sourcecode.swift; path = TopMovieCell.swift; sourceTree = "<group>"; };
		CA9590BC2933E82C00CFE391 /* MovieCell.swift */ = {isa = PBXFileReference; lastKnownFileType = sourcecode.swift; path = MovieCell.swift; sourceTree = "<group>"; };
		CA9590BE293414F400CFE391 /* Types.graphql.swift */ = {isa = PBXFileReference; fileEncoding = 4; lastKnownFileType = sourcecode.swift; path = Types.graphql.swift; sourceTree = "<group>"; };
		CA9590C029341EBE00CFE391 /* PreviewMovie.swift */ = {isa = PBXFileReference; lastKnownFileType = sourcecode.swift; path = PreviewMovie.swift; sourceTree = "<group>"; };
		CA9590C22934430200CFE391 /* VerticalMoviesCollectionViewModel.swift */ = {isa = PBXFileReference; lastKnownFileType = sourcecode.swift; path = VerticalMoviesCollectionViewModel.swift; sourceTree = "<group>"; };
		CA9590C42934442700CFE391 /* MoviesOrder.swift */ = {isa = PBXFileReference; lastKnownFileType = sourcecode.swift; path = MoviesOrder.swift; sourceTree = "<group>"; };
		CA9590C62934650900CFE391 /* BrowseCategory.swift */ = {isa = PBXFileReference; lastKnownFileType = sourcecode.swift; path = BrowseCategory.swift; sourceTree = "<group>"; };
		CA9590C8293472CD00CFE391 /* BrowseCategories.swift */ = {isa = PBXFileReference; lastKnownFileType = sourcecode.swift; path = BrowseCategories.swift; sourceTree = "<group>"; };
		CA9590CA293475A600CFE391 /* PreviewBrowseCategories.swift */ = {isa = PBXFileReference; lastKnownFileType = sourcecode.swift; path = PreviewBrowseCategories.swift; sourceTree = "<group>"; };
		CA9590CD2935001900CFE391 /* MenuView.swift */ = {isa = PBXFileReference; lastKnownFileType = sourcecode.swift; path = MenuView.swift; sourceTree = "<group>"; };
		CA9590CF293502E000CFE391 /* MenuDelegate.swift */ = {isa = PBXFileReference; lastKnownFileType = sourcecode.swift; path = MenuDelegate.swift; sourceTree = "<group>"; };
		CA9590D1293504EC00CFE391 /* PresentMenuModifier.swift */ = {isa = PBXFileReference; lastKnownFileType = sourcecode.swift; path = PresentMenuModifier.swift; sourceTree = "<group>"; };
		CA9590D429350EE000CFE391 /* MovieDetailView.swift */ = {isa = PBXFileReference; lastKnownFileType = sourcecode.swift; path = MovieDetailView.swift; sourceTree = "<group>"; };
		CA9590D62935304A00CFE391 /* CastView.swift */ = {isa = PBXFileReference; lastKnownFileType = sourcecode.swift; path = CastView.swift; sourceTree = "<group>"; };
		CA9590D8293531DB00CFE391 /* AvatarView.swift */ = {isa = PBXFileReference; lastKnownFileType = sourcecode.swift; path = AvatarView.swift; sourceTree = "<group>"; };
		CA9590DB2935441300CFE391 /* Color+Extensions.swift */ = {isa = PBXFileReference; lastKnownFileType = sourcecode.swift; path = "Color+Extensions.swift"; sourceTree = "<group>"; };
/* End PBXFileReference section */

/* Begin PBXFrameworksBuildPhase section */
		3289E01A275AF6F90058C710 /* Frameworks */ = {
			isa = PBXFrameworksBuildPhase;
			buildActionMask = 2147483647;
			files = (
				CA959069292EDE0800CFE391 /* Factory in Frameworks */,
				3284FFD2275B033A0039F3EB /* ApolloSQLite in Frameworks */,
				CA523401292E8E220006E2EE /* Apollo in Frameworks */,
			);
			runOnlyForDeploymentPostprocessing = 0;
		};
/* End PBXFrameworksBuildPhase section */

/* Begin PBXGroup section */
		3284FFD8275B0CF40039F3EB /* Generated */ = {
			isa = PBXGroup;
			children = (
				CA959065292ECA7D00CFE391 /* Genres.graphql.swift */,
				3284FFD9275B0CF40039F3EB /* Movies.graphql.swift */,
				CA9590BE293414F400CFE391 /* Types.graphql.swift */,
			);
			path = Generated;
			sourceTree = "<group>";
		};
		3289E014275AF6F90058C710 = {
			isa = PBXGroup;
			children = (
				3289E01F275AF6F90058C710 /* Movie Challenge */,
				3289E01E275AF6F90058C710 /* Products */,
				CA5233FF292E8E220006E2EE /* Frameworks */,
			);
			sourceTree = "<group>";
		};
		3289E01E275AF6F90058C710 /* Products */ = {
			isa = PBXGroup;
			children = (
				3289E01D275AF6F90058C710 /* Movie Challenge.app */,
			);
			name = Products;
			sourceTree = "<group>";
		};
		3289E01F275AF6F90058C710 /* Movie Challenge */ = {
			isa = PBXGroup;
			children = (
				CA95906D292EE2F600CFE391 /* DataAccess */,
				CA95906A292EDE5E00CFE391 /* DependencyInjection */,
				CA959071292EE36200CFE391 /* Network */,
				3284FFD8275B0CF40039F3EB /* Generated */,
				CA959070292EE34C00CFE391 /* Source */,
				3289E024275AF6FB0058C710 /* Assets.xcassets */,
				3289E026275AF6FB0058C710 /* Preview Content */,
			);
			path = "Movie Challenge";
			sourceTree = "<group>";
		};
		3289E026275AF6FB0058C710 /* Preview Content */ = {
			isa = PBXGroup;
			children = (
				CA5233FD292E77AA0006E2EE /* Preview Assets.xcassets */,
				CA95908E293187D500CFE391 /* PreviewMoviesResponse.swift */,
				CA95909329318EB700CFE391 /* PreviewTopMoviesResponse.swift */,
				CA9590B42933D9E900CFE391 /* PreviewGenresResponse.swift */,
				CA9590B62933DDC200CFE391 /* PreviewDataAccessProvider.swift */,
				CA9590C029341EBE00CFE391 /* PreviewMovie.swift */,
				CA9590CA293475A600CFE391 /* PreviewBrowseCategories.swift */,
			);
			path = "Preview Content";
			sourceTree = "<group>";
		};
		CA5233FB292E72670006E2EE /* GraphQL */ = {
			isa = PBXGroup;
			children = (
				32DF5F32275AFB1B0016B534 /* Network.swift */,
				CA95907E2931443A00CFE391 /* QueryDataRepresentable.swift */,
				CA9590822931686E00CFE391 /* DataRepresentableError.swift */,
				CA9590C42934442700CFE391 /* MoviesOrder.swift */,
				CA5233FC292E72800006E2EE /* Queries */,
			);
			path = GraphQL;
			sourceTree = "<group>";
		};
		CA5233FC292E72800006E2EE /* Queries */ = {
			isa = PBXGroup;
			children = (
				32DF5F30275AFB0E0016B534 /* Movies.graphql */,
				CA959063292ECA3000CFE391 /* Genres.graphql */,
			);
			path = Queries;
			sourceTree = "<group>";
		};
		CA5233FF292E8E220006E2EE /* Frameworks */ = {
			isa = PBXGroup;
			children = (
			);
			name = Frameworks;
			sourceTree = "<group>";
		};
		CA95906A292EDE5E00CFE391 /* DependencyInjection */ = {
			isa = PBXGroup;
			children = (
				CA95906B292EDE7500CFE391 /* Container+Extensions.swift */,
			);
			path = DependencyInjection;
			sourceTree = "<group>";
		};
		CA95906D292EE2F600CFE391 /* DataAccess */ = {
			isa = PBXGroup;
			children = (
				CA9590762931336400CFE391 /* DataAccessProvider.swift */,
				CA95907C29313DF500CFE391 /* DefaultDataAccessProvider.swift */,
			);
			path = DataAccess;
			sourceTree = "<group>";
		};
		CA95906F292EE32900CFE391 /* Models */ = {
			isa = PBXGroup;
			children = (
				CA9590C8293472CD00CFE391 /* BrowseCategories.swift */,
				CA9590C62934650900CFE391 /* BrowseCategory.swift */,
				CA9590B02933C67400CFE391 /* MoviesContainerData.swift */,
				CA959080293144C500CFE391 /* MoviesResponse.swift */,
				CA95908429316DEF00CFE391 /* TopMovieResponse.swift */,
				CA9590B22933C6BC00CFE391 /* GenresResponse.swift */,
				CA959072292EE3F300CFE391 /* Movie.swift */,
				CA959074292EE7E500CFE391 /* TopMovie.swift */,
			);
			path = Models;
			sourceTree = "<group>";
		};
		CA959070292EE34C00CFE391 /* Source */ = {
			isa = PBXGroup;
			children = (
				3289E020275AF6F90058C710 /* MovieChallengeApp.swift */,
				CA959089293179FA00CFE391 /* Home */,
				CA95906F292EE32900CFE391 /* Models */,
				CA9590972932C44500CFE391 /* UIComponents */,
			);
			path = Source;
			sourceTree = "<group>";
		};
		CA959071292EE36200CFE391 /* Network */ = {
			isa = PBXGroup;
			children = (
				CA5233FB292E72670006E2EE /* GraphQL */,
			);
			path = Network;
			sourceTree = "<group>";
		};
		CA9590862931794500CFE391 /* MoviesCollection */ = {
			isa = PBXGroup;
			children = (
				CA9590872931796F00CFE391 /* HorizontalMoviesCollection.swift */,
				CA9590B82933E5F500CFE391 /* VerticalMoviesCollection.swift */,
				CA9590C22934430200CFE391 /* VerticalMoviesCollectionViewModel.swift */,
				CA9590BC2933E82C00CFE391 /* MovieCell.swift */,
				CA95908C29317C0C00CFE391 /* MovieCard.swift */,
			);
			path = MoviesCollection;
			sourceTree = "<group>";
		};
		CA959089293179FA00CFE391 /* Home */ = {
			isa = PBXGroup;
			children = (
				CA95908A29317AF100CFE391 /* MoviesContainerView.swift */,
				CA9590AE2933C3E100CFE391 /* MoviesContainerViewModel.swift */,
				CA9590A12933B16400CFE391 /* Genres */,
				CA9590862931794500CFE391 /* MoviesCollection */,
				CA9590D329350EAF00CFE391 /* MovieDetail */,
				CA95909029318E5E00CFE391 /* TopMovies */,
			);
			path = Home;
			sourceTree = "<group>";
		};
		CA95909029318E5E00CFE391 /* TopMovies */ = {
			isa = PBXGroup;
			children = (
				CA95909129318E7C00CFE391 /* TopMoviesCollection.swift */,
				CA9590BA2933E75B00CFE391 /* TopMovieCell.swift */,
				CA95909529319C4D00CFE391 /* TopMovieCard.swift */,
			);
			path = TopMovies;
			sourceTree = "<group>";
		};
		CA9590972932C44500CFE391 /* UIComponents */ = {
			isa = PBXGroup;
			children = (
				CA9590DA293543FA00CFE391 /* Colors */,
				CA9590CC2934FFFC00CFE391 /* Menu */,
				CA9590A72933BE7B00CFE391 /* Buttons */,
				CA9590982932C4C100CFE391 /* Text */,
			);
			path = UIComponents;
			sourceTree = "<group>";
		};
		CA9590982932C4C100CFE391 /* Text */ = {
			isa = PBXGroup;
			children = (
				CA95909B2932C4E200CFE391 /* StyledText.swift */,
				CA95909A2932C4E200CFE391 /* StyledTexts.swift */,
				CA9590992932C4E200CFE391 /* TypeStyle.swift */,
				CA95909C2932C4E200CFE391 /* TypeStyles.swift */,
			);
			path = Text;
			sourceTree = "<group>";
		};
		CA9590A12933B16400CFE391 /* Genres */ = {
			isa = PBXGroup;
			children = (
				CA9590A22933B48A00CFE391 /* GenresCollection.swift */,
				CA9590A52933B7D600CFE391 /* GenereCard.swift */,
			);
			path = Genres;
			sourceTree = "<group>";
		};
		CA9590A72933BE7B00CFE391 /* Buttons */ = {
			isa = PBXGroup;
			children = (
				CA9590AC2933BF4900CFE391 /* ScaleEffectButonStyle.swift */,
			);
			path = Buttons;
			sourceTree = "<group>";
		};
		CA9590CC2934FFFC00CFE391 /* Menu */ = {
			isa = PBXGroup;
			children = (
				CA9590CD2935001900CFE391 /* MenuView.swift */,
				CA9590CF293502E000CFE391 /* MenuDelegate.swift */,
				CA9590D1293504EC00CFE391 /* PresentMenuModifier.swift */,
			);
			path = Menu;
			sourceTree = "<group>";
		};
		CA9590D329350EAF00CFE391 /* MovieDetail */ = {
			isa = PBXGroup;
			children = (
				CA9590D429350EE000CFE391 /* MovieDetailView.swift */,
				CA9590D62935304A00CFE391 /* CastView.swift */,
				CA9590D8293531DB00CFE391 /* AvatarView.swift */,
			);
			path = MovieDetail;
			sourceTree = "<group>";
		};
		CA9590DA293543FA00CFE391 /* Colors */ = {
			isa = PBXGroup;
			children = (
				CA9590DB2935441300CFE391 /* Color+Extensions.swift */,
			);
			path = Colors;
			sourceTree = "<group>";
		};
/* End PBXGroup section */

/* Begin PBXNativeTarget section */
		3289E01C275AF6F90058C710 /* Movie Challenge */ = {
			isa = PBXNativeTarget;
			buildConfigurationList = 3289E02B275AF6FB0058C710 /* Build configuration list for PBXNativeTarget "Movie Challenge" */;
			buildPhases = (
				3289E019275AF6F90058C710 /* Sources */,
				3289E01A275AF6F90058C710 /* Frameworks */,
				3289E01B275AF6F90058C710 /* Resources */,
				3284FFE0275B1EAF0039F3EB /* Apollo Codegen */,
			);
			buildRules = (
			);
			dependencies = (
			);
			name = "Movie Challenge";
			packageProductDependencies = (
				3284FFD1275B033A0039F3EB /* ApolloSQLite */,
				CA523400292E8E220006E2EE /* Apollo */,
				CA959068292EDE0800CFE391 /* Factory */,
			);
			productName = "SwiftUI Base";
			productReference = 3289E01D275AF6F90058C710 /* Movie Challenge.app */;
			productType = "com.apple.product-type.application";
		};
/* End PBXNativeTarget section */

/* Begin PBXProject section */
		3289E015275AF6F90058C710 /* Project object */ = {
			isa = PBXProject;
			attributes = {
				BuildIndependentTargetsInParallel = 1;
				LastSwiftUpdateCheck = 1310;
				LastUpgradeCheck = 1310;
				TargetAttributes = {
					3289E01C275AF6F90058C710 = {
						CreatedOnToolsVersion = 13.1;
					};
				};
			};
			buildConfigurationList = 3289E018275AF6F90058C710 /* Build configuration list for PBXProject "Movie Challenge" */;
			compatibilityVersion = "Xcode 13.0";
			developmentRegion = en;
			hasScannedForEncodings = 0;
			knownRegions = (
				en,
				Base,
			);
			mainGroup = 3289E014275AF6F90058C710;
			packageReferences = (
				3284FFCE275B033A0039F3EB /* XCRemoteSwiftPackageReference "apollo-ios" */,
				CA959067292EDE0800CFE391 /* XCRemoteSwiftPackageReference "Factory" */,
			);
			productRefGroup = 3289E01E275AF6F90058C710 /* Products */;
			projectDirPath = "";
			projectRoot = "";
			targets = (
				3289E01C275AF6F90058C710 /* Movie Challenge */,
			);
		};
/* End PBXProject section */

/* Begin PBXResourcesBuildPhase section */
		3289E01B275AF6F90058C710 /* Resources */ = {
			isa = PBXResourcesBuildPhase;
			buildActionMask = 2147483647;
			files = (
				32DF5F31275AFB0E0016B534 /* Movies.graphql in Resources */,
				CA5233FE292E77AA0006E2EE /* Preview Assets.xcassets in Resources */,
				3289E025275AF6FB0058C710 /* Assets.xcassets in Resources */,
				CA959064292ECA3000CFE391 /* Genres.graphql in Resources */,
			);
			runOnlyForDeploymentPostprocessing = 0;
		};
/* End PBXResourcesBuildPhase section */

/* Begin PBXShellScriptBuildPhase section */
		3284FFE0275B1EAF0039F3EB /* Apollo Codegen */ = {
			isa = PBXShellScriptBuildPhase;
			buildActionMask = 2147483647;
			files = (
			);
			inputFileListPaths = (
			);
			inputPaths = (
			);
			name = "Apollo Codegen";
			outputFileListPaths = (
			);
			outputPaths = (
			);
			runOnlyForDeploymentPostprocessing = 0;
			shellPath = /bin/sh;
			shellScript = "# Don't run this during index builds\nif [ $ACTION = \"indexbuild\" ]; then exit 0; fi\n\ncd ../..\ncd ApolloCodegen\npwd\nxcrun -sdk macosx swift run ApolloCodegen generate\n";
		};
/* End PBXShellScriptBuildPhase section */

/* Begin PBXSourcesBuildPhase section */
		3289E019275AF6F90058C710 /* Sources */ = {
			isa = PBXSourcesBuildPhase;
			buildActionMask = 2147483647;
			files = (
				CA9590B92933E5F500CFE391 /* VerticalMoviesCollection.swift in Sources */,
				CA9590AD2933BF4900CFE391 /* ScaleEffectButonStyle.swift in Sources */,
				CA9590882931796F00CFE391 /* HorizontalMoviesCollection.swift in Sources */,
				CA9590B72933DDC200CFE391 /* PreviewDataAccessProvider.swift in Sources */,
				CA9590DC2935441300CFE391 /* Color+Extensions.swift in Sources */,
				CA9590A62933B7D600CFE391 /* GenereCard.swift in Sources */,
				CA95909429318EB700CFE391 /* PreviewTopMoviesResponse.swift in Sources */,
				CA9590C32934430200CFE391 /* VerticalMoviesCollectionViewModel.swift in Sources */,
				CA9590C72934650900CFE391 /* BrowseCategory.swift in Sources */,
				CA9590BB2933E75B00CFE391 /* TopMovieCell.swift in Sources */,
				CA959081293144C500CFE391 /* MoviesResponse.swift in Sources */,
				CA959075292EE7E500CFE391 /* TopMovie.swift in Sources */,
				CA9590B32933C6BC00CFE391 /* GenresResponse.swift in Sources */,
				CA95909629319C4D00CFE391 /* TopMovieCard.swift in Sources */,
				CA9590A02932C4E200CFE391 /* TypeStyles.swift in Sources */,
				CA95906C292EDE7500CFE391 /* Container+Extensions.swift in Sources */,
				CA959066292ECA7D00CFE391 /* Genres.graphql.swift in Sources */,
				CA95909E2932C4E200CFE391 /* StyledTexts.swift in Sources */,
				CA9590B12933C67400CFE391 /* MoviesContainerData.swift in Sources */,
				CA9590AF2933C3E100CFE391 /* MoviesContainerViewModel.swift in Sources */,
				CA9590C52934442700CFE391 /* MoviesOrder.swift in Sources */,
				CA9590D529350EE000CFE391 /* MovieDetailView.swift in Sources */,
				CA95908529316DEF00CFE391 /* TopMovieResponse.swift in Sources */,
				CA9590C129341EBE00CFE391 /* PreviewMovie.swift in Sources */,
				CA9590D72935304A00CFE391 /* CastView.swift in Sources */,
				CA95908D29317C0C00CFE391 /* MovieCard.swift in Sources */,
				3289E021275AF6F90058C710 /* MovieChallengeApp.swift in Sources */,
				CA9590832931686E00CFE391 /* DataRepresentableError.swift in Sources */,
				CA95908F293187D500CFE391 /* PreviewMoviesResponse.swift in Sources */,
				32DF5F33275AFB1B0016B534 /* Network.swift in Sources */,
				CA9590B52933D9E900CFE391 /* PreviewGenresResponse.swift in Sources */,
				CA9590D0293502E000CFE391 /* MenuDelegate.swift in Sources */,
				CA9590CE2935001900CFE391 /* MenuView.swift in Sources */,
				CA9590C9293472CD00CFE391 /* BrowseCategories.swift in Sources */,
				CA95907D29313DF500CFE391 /* DefaultDataAccessProvider.swift in Sources */,
				CA95909229318E7C00CFE391 /* TopMoviesCollection.swift in Sources */,
				CA9590BD2933E82C00CFE391 /* MovieCell.swift in Sources */,
				CA9590A32933B48A00CFE391 /* GenresCollection.swift in Sources */,
				CA9590D9293531DB00CFE391 /* AvatarView.swift in Sources */,
				CA959073292EE3F300CFE391 /* Movie.swift in Sources */,
				CA95909F2932C4E200CFE391 /* StyledText.swift in Sources */,
				CA95908B29317AF100CFE391 /* MoviesContainerView.swift in Sources */,
				CA9590CB293475A600CFE391 /* PreviewBrowseCategories.swift in Sources */,
				CA9590772931336400CFE391 /* DataAccessProvider.swift in Sources */,
				3284FFDB275B0CF40039F3EB /* Movies.graphql.swift in Sources */,
				CA95907F2931443A00CFE391 /* QueryDataRepresentable.swift in Sources */,
				CA9590D2293504EC00CFE391 /* PresentMenuModifier.swift in Sources */,
				CA9590BF293414F400CFE391 /* Types.graphql.swift in Sources */,
				CA95909D2932C4E200CFE391 /* TypeStyle.swift in Sources */,
			);
			runOnlyForDeploymentPostprocessing = 0;
		};
/* End PBXSourcesBuildPhase section */

/* Begin XCBuildConfiguration section */
		3289E029275AF6FB0058C710 /* Debug */ = {
			isa = XCBuildConfiguration;
			buildSettings = {
				ALWAYS_SEARCH_USER_PATHS = NO;
				CLANG_ANALYZER_NONNULL = YES;
				CLANG_ANALYZER_NUMBER_OBJECT_CONVERSION = YES_AGGRESSIVE;
				CLANG_CXX_LANGUAGE_STANDARD = "gnu++17";
				CLANG_CXX_LIBRARY = "libc++";
				CLANG_ENABLE_MODULES = YES;
				CLANG_ENABLE_OBJC_ARC = YES;
				CLANG_ENABLE_OBJC_WEAK = YES;
				CLANG_WARN_BLOCK_CAPTURE_AUTORELEASING = YES;
				CLANG_WARN_BOOL_CONVERSION = YES;
				CLANG_WARN_COMMA = YES;
				CLANG_WARN_CONSTANT_CONVERSION = YES;
				CLANG_WARN_DEPRECATED_OBJC_IMPLEMENTATIONS = YES;
				CLANG_WARN_DIRECT_OBJC_ISA_USAGE = YES_ERROR;
				CLANG_WARN_DOCUMENTATION_COMMENTS = YES;
				CLANG_WARN_EMPTY_BODY = YES;
				CLANG_WARN_ENUM_CONVERSION = YES;
				CLANG_WARN_INFINITE_RECURSION = YES;
				CLANG_WARN_INT_CONVERSION = YES;
				CLANG_WARN_NON_LITERAL_NULL_CONVERSION = YES;
				CLANG_WARN_OBJC_IMPLICIT_RETAIN_SELF = YES;
				CLANG_WARN_OBJC_LITERAL_CONVERSION = YES;
				CLANG_WARN_OBJC_ROOT_CLASS = YES_ERROR;
				CLANG_WARN_QUOTED_INCLUDE_IN_FRAMEWORK_HEADER = YES;
				CLANG_WARN_RANGE_LOOP_ANALYSIS = YES;
				CLANG_WARN_STRICT_PROTOTYPES = YES;
				CLANG_WARN_SUSPICIOUS_MOVE = YES;
				CLANG_WARN_UNGUARDED_AVAILABILITY = YES_AGGRESSIVE;
				CLANG_WARN_UNREACHABLE_CODE = YES;
				CLANG_WARN__DUPLICATE_METHOD_MATCH = YES;
				COPY_PHASE_STRIP = NO;
				DEBUG_INFORMATION_FORMAT = dwarf;
				ENABLE_STRICT_OBJC_MSGSEND = YES;
				ENABLE_TESTABILITY = YES;
				GCC_C_LANGUAGE_STANDARD = gnu11;
				GCC_DYNAMIC_NO_PIC = NO;
				GCC_NO_COMMON_BLOCKS = YES;
				GCC_OPTIMIZATION_LEVEL = 0;
				GCC_PREPROCESSOR_DEFINITIONS = (
					"DEBUG=1",
					"$(inherited)",
				);
				GCC_WARN_64_TO_32_BIT_CONVERSION = YES;
				GCC_WARN_ABOUT_RETURN_TYPE = YES_ERROR;
				GCC_WARN_UNDECLARED_SELECTOR = YES;
				GCC_WARN_UNINITIALIZED_AUTOS = YES_AGGRESSIVE;
				GCC_WARN_UNUSED_FUNCTION = YES;
				GCC_WARN_UNUSED_VARIABLE = YES;
				IPHONEOS_DEPLOYMENT_TARGET = 15.0;
				MTL_ENABLE_DEBUG_INFO = INCLUDE_SOURCE;
				MTL_FAST_MATH = YES;
				ONLY_ACTIVE_ARCH = YES;
				SDKROOT = iphoneos;
				SWIFT_ACTIVE_COMPILATION_CONDITIONS = DEBUG;
				SWIFT_OPTIMIZATION_LEVEL = "-Onone";
			};
			name = Debug;
		};
		3289E02A275AF6FB0058C710 /* Release */ = {
			isa = XCBuildConfiguration;
			buildSettings = {
				ALWAYS_SEARCH_USER_PATHS = NO;
				CLANG_ANALYZER_NONNULL = YES;
				CLANG_ANALYZER_NUMBER_OBJECT_CONVERSION = YES_AGGRESSIVE;
				CLANG_CXX_LANGUAGE_STANDARD = "gnu++17";
				CLANG_CXX_LIBRARY = "libc++";
				CLANG_ENABLE_MODULES = YES;
				CLANG_ENABLE_OBJC_ARC = YES;
				CLANG_ENABLE_OBJC_WEAK = YES;
				CLANG_WARN_BLOCK_CAPTURE_AUTORELEASING = YES;
				CLANG_WARN_BOOL_CONVERSION = YES;
				CLANG_WARN_COMMA = YES;
				CLANG_WARN_CONSTANT_CONVERSION = YES;
				CLANG_WARN_DEPRECATED_OBJC_IMPLEMENTATIONS = YES;
				CLANG_WARN_DIRECT_OBJC_ISA_USAGE = YES_ERROR;
				CLANG_WARN_DOCUMENTATION_COMMENTS = YES;
				CLANG_WARN_EMPTY_BODY = YES;
				CLANG_WARN_ENUM_CONVERSION = YES;
				CLANG_WARN_INFINITE_RECURSION = YES;
				CLANG_WARN_INT_CONVERSION = YES;
				CLANG_WARN_NON_LITERAL_NULL_CONVERSION = YES;
				CLANG_WARN_OBJC_IMPLICIT_RETAIN_SELF = YES;
				CLANG_WARN_OBJC_LITERAL_CONVERSION = YES;
				CLANG_WARN_OBJC_ROOT_CLASS = YES_ERROR;
				CLANG_WARN_QUOTED_INCLUDE_IN_FRAMEWORK_HEADER = YES;
				CLANG_WARN_RANGE_LOOP_ANALYSIS = YES;
				CLANG_WARN_STRICT_PROTOTYPES = YES;
				CLANG_WARN_SUSPICIOUS_MOVE = YES;
				CLANG_WARN_UNGUARDED_AVAILABILITY = YES_AGGRESSIVE;
				CLANG_WARN_UNREACHABLE_CODE = YES;
				CLANG_WARN__DUPLICATE_METHOD_MATCH = YES;
				COPY_PHASE_STRIP = NO;
				DEBUG_INFORMATION_FORMAT = "dwarf-with-dsym";
				ENABLE_NS_ASSERTIONS = NO;
				ENABLE_STRICT_OBJC_MSGSEND = YES;
				GCC_C_LANGUAGE_STANDARD = gnu11;
				GCC_NO_COMMON_BLOCKS = YES;
				GCC_WARN_64_TO_32_BIT_CONVERSION = YES;
				GCC_WARN_ABOUT_RETURN_TYPE = YES_ERROR;
				GCC_WARN_UNDECLARED_SELECTOR = YES;
				GCC_WARN_UNINITIALIZED_AUTOS = YES_AGGRESSIVE;
				GCC_WARN_UNUSED_FUNCTION = YES;
				GCC_WARN_UNUSED_VARIABLE = YES;
				IPHONEOS_DEPLOYMENT_TARGET = 15.0;
				MTL_ENABLE_DEBUG_INFO = NO;
				MTL_FAST_MATH = YES;
				SDKROOT = iphoneos;
				SWIFT_COMPILATION_MODE = wholemodule;
				SWIFT_OPTIMIZATION_LEVEL = "-O";
				VALIDATE_PRODUCT = YES;
			};
			name = Release;
		};
		3289E02C275AF6FB0058C710 /* Debug */ = {
			isa = XCBuildConfiguration;
			buildSettings = {
				ASSETCATALOG_COMPILER_APPICON_NAME = AppIcon;
				ASSETCATALOG_COMPILER_GLOBAL_ACCENT_COLOR_NAME = AccentColor;
				CODE_SIGN_STYLE = Automatic;
				CURRENT_PROJECT_VERSION = 1;
				DEVELOPMENT_ASSET_PATHS = "Movie\\ Challenge/Preview\\ Content/Preview\\ Assets.xcassets";
				DEVELOPMENT_TEAM = 5PRK9NET39;
				ENABLE_PREVIEWS = YES;
				GENERATE_INFOPLIST_FILE = YES;
				INFOPLIST_KEY_UIApplicationSceneManifest_Generation = YES;
				INFOPLIST_KEY_UIApplicationSupportsIndirectInputEvents = YES;
				INFOPLIST_KEY_UILaunchScreen_Generation = YES;
				INFOPLIST_KEY_UISupportedInterfaceOrientations_iPad = "UIInterfaceOrientationPortrait UIInterfaceOrientationPortraitUpsideDown UIInterfaceOrientationLandscapeLeft UIInterfaceOrientationLandscapeRight";
				INFOPLIST_KEY_UISupportedInterfaceOrientations_iPhone = "UIInterfaceOrientationPortrait UIInterfaceOrientationLandscapeLeft UIInterfaceOrientationLandscapeRight";
				LD_RUNPATH_SEARCH_PATHS = (
					"$(inherited)",
					"@executable_path/Frameworks",
				);
				MARKETING_VERSION = 1.0;
				PRODUCT_BUNDLE_IDENTIFIER = "com.podium.SwiftUI-Base";
				PRODUCT_NAME = "$(TARGET_NAME)";
				SWIFT_EMIT_LOC_STRINGS = YES;
				SWIFT_VERSION = 5.0;
				TARGETED_DEVICE_FAMILY = "1,2";
			};
			name = Debug;
		};
		3289E02D275AF6FB0058C710 /* Release */ = {
			isa = XCBuildConfiguration;
			buildSettings = {
				ASSETCATALOG_COMPILER_APPICON_NAME = AppIcon;
				ASSETCATALOG_COMPILER_GLOBAL_ACCENT_COLOR_NAME = AccentColor;
				CODE_SIGN_STYLE = Automatic;
				CURRENT_PROJECT_VERSION = 1;
				DEVELOPMENT_ASSET_PATHS = "Movie\\ Challenge/Preview\\ Content/Preview\\ Assets.xcassets";
				DEVELOPMENT_TEAM = 5PRK9NET39;
				ENABLE_PREVIEWS = YES;
				GENERATE_INFOPLIST_FILE = YES;
				INFOPLIST_KEY_UIApplicationSceneManifest_Generation = YES;
				INFOPLIST_KEY_UIApplicationSupportsIndirectInputEvents = YES;
				INFOPLIST_KEY_UILaunchScreen_Generation = YES;
				INFOPLIST_KEY_UISupportedInterfaceOrientations_iPad = "UIInterfaceOrientationPortrait UIInterfaceOrientationPortraitUpsideDown UIInterfaceOrientationLandscapeLeft UIInterfaceOrientationLandscapeRight";
				INFOPLIST_KEY_UISupportedInterfaceOrientations_iPhone = "UIInterfaceOrientationPortrait UIInterfaceOrientationLandscapeLeft UIInterfaceOrientationLandscapeRight";
				LD_RUNPATH_SEARCH_PATHS = (
					"$(inherited)",
					"@executable_path/Frameworks",
				);
				MARKETING_VERSION = 1.0;
				PRODUCT_BUNDLE_IDENTIFIER = "com.podium.SwiftUI-Base";
				PRODUCT_NAME = "$(TARGET_NAME)";
				SWIFT_EMIT_LOC_STRINGS = YES;
				SWIFT_VERSION = 5.0;
				TARGETED_DEVICE_FAMILY = "1,2";
			};
			name = Release;
		};
/* End XCBuildConfiguration section */

/* Begin XCConfigurationList section */
		3289E018275AF6F90058C710 /* Build configuration list for PBXProject "Movie Challenge" */ = {
			isa = XCConfigurationList;
			buildConfigurations = (
				3289E029275AF6FB0058C710 /* Debug */,
				3289E02A275AF6FB0058C710 /* Release */,
			);
			defaultConfigurationIsVisible = 0;
			defaultConfigurationName = Release;
		};
		3289E02B275AF6FB0058C710 /* Build configuration list for PBXNativeTarget "Movie Challenge" */ = {
			isa = XCConfigurationList;
			buildConfigurations = (
				3289E02C275AF6FB0058C710 /* Debug */,
				3289E02D275AF6FB0058C710 /* Release */,
			);
			defaultConfigurationIsVisible = 0;
			defaultConfigurationName = Release;
		};
/* End XCConfigurationList section */

/* Begin XCRemoteSwiftPackageReference section */
		3284FFCE275B033A0039F3EB /* XCRemoteSwiftPackageReference "apollo-ios" */ = {
			isa = XCRemoteSwiftPackageReference;
			repositoryURL = "https://github.com/apollographql/apollo-ios";
			requirement = {
				kind = exactVersion;
				version = 0.50.0;
			};
		};
		CA959067292EDE0800CFE391 /* XCRemoteSwiftPackageReference "Factory" */ = {
			isa = XCRemoteSwiftPackageReference;
			repositoryURL = "https://github.com/hmlongco/Factory";
			requirement = {
				kind = upToNextMajorVersion;
				minimumVersion = 1.0.0;
			};
		};
/* End XCRemoteSwiftPackageReference section */

/* Begin XCSwiftPackageProductDependency section */
		3284FFD1275B033A0039F3EB /* ApolloSQLite */ = {
			isa = XCSwiftPackageProductDependency;
			package = 3284FFCE275B033A0039F3EB /* XCRemoteSwiftPackageReference "apollo-ios" */;
			productName = ApolloSQLite;
		};
		CA523400292E8E220006E2EE /* Apollo */ = {
			isa = XCSwiftPackageProductDependency;
			package = 3284FFCE275B033A0039F3EB /* XCRemoteSwiftPackageReference "apollo-ios" */;
			productName = Apollo;
		};
		CA959068292EDE0800CFE391 /* Factory */ = {
			isa = XCSwiftPackageProductDependency;
			package = CA959067292EDE0800CFE391 /* XCRemoteSwiftPackageReference "Factory" */;
			productName = Factory;
		};
/* End XCSwiftPackageProductDependency section */
	};
	rootObject = 3289E015275AF6F90058C710 /* Project object */;
}
